
Microsoft Visual Studio Solution File, Format Version 12.00
# Visual Studio Version 16
VisualStudioVersion = 25.0.1706.11
MinimumVisualStudioVersion = 10.0.40219.1
Project("{FAE04EC0-301F-11D3-BF4B-00C04F79EFBC}") = "Oppgaver CSharp", "Oppgaver CSharp\Oppgaver CSharp.csproj", "{30F37309-2F67-4797-BCE9-D677333394FC}"
EndProject
Global
	GlobalSection(SolutionConfigurationPlatforms) = preSolution
		Debug|Any CPU = Debug|Any CPU
		Release|Any CPU = Release|Any CPU
	EndGlobalSection
	GlobalSection(ProjectConfigurationPlatforms) = postSolution
		{30F37309-2F67-4797-BCE9-D677333394FC}.Debug|Any CPU.ActiveCfg = Debug|Any CPU
		{30F37309-2F67-4797-BCE9-D677333394FC}.Debug|Any CPU.Build.0 = Debug|Any CPU
		{30F37309-2F67-4797-BCE9-D677333394FC}.Release|Any CPU.ActiveCfg = Release|Any CPU
		{30F37309-2F67-4797-BCE9-D677333394FC}.Release|Any CPU.Build.0 = Release|Any CPU
	EndGlobalSection
	GlobalSection(SolutionProperties) = preSolution
		HideSolutionNode = FALSE
	EndGlobalSection
	GlobalSection(ExtensibilityGlobals) = postSolution
		SolutionGuid = {A5EED9F7-107B-41CF-8F2C-C90F27BA2898}
	EndGlobalSection
EndGlobal
